schema: '2.0'
stages:
  stages01:
    cmd: python stage_01.py
    deps:
    - path: stage_01.py
      md5: 3fd9d9fec0f6eed612790a0303eef1c2
      size: 76
    outs:
    - path: artifacts01.txt
      md5: 7e6214bb528dd69609564aa1392a7e53
      size: 8
  last_stage:
    cmd: python stage_03.py
    deps:
    - path: artifacts01.txt
      md5: 7e6214bb528dd69609564aa1392a7e53
      size: 8
    - path: stage_03.py
      md5: 58379cce00d7204cd1dcdf3166dc9c8c
      size: 164
    outs:
    - path: artifacts02.txt
      md5: 458b242dc6fba7a3b850be6691671007
      size: 16
  stages02:
    cmd: python stage_02.py
    deps:
    - path: artifacts01.txt
      md5: 7e6214bb528dd69609564aa1392a7e53
      size: 8
    - path: stage_02.py
      md5: 6858c13693fd5b9a8f7e3022e9867570
      size: 73
